// !$*UTF8*$!
{
	archiveVersion = 1;
	classes = {
	};
	objectVersion = 46;
	objects = {

/* Begin PBXBuildFile section */
		050ECE8E1EA7C271002D9DD7 /* Extensions.swift in Sources */ = {isa = PBXBuildFile; fileRef = 050ECE8D1EA7C271002D9DD7 /* Extensions.swift */; };
		050ECE901EA7C461002D9DD7 /* SetDateDelegate.swift in Sources */ = {isa = PBXBuildFile; fileRef = 050ECE8F1EA7C461002D9DD7 /* SetDateDelegate.swift */; };
		05773EF61EA6AD4000F2BC4F /* BaseViewController.swift in Sources */ = {isa = PBXBuildFile; fileRef = 05773EF51EA6AD4000F2BC4F /* BaseViewController.swift */; };
		05773EF81EA6ADDD00F2BC4F /* BaseTableViewController.swift in Sources */ = {isa = PBXBuildFile; fileRef = 05773EF71EA6ADDD00F2BC4F /* BaseTableViewController.swift */; };
		057F12931E9CED2E0055E4FB /* AbstractScheduleItem.swift in Sources */ = {isa = PBXBuildFile; fileRef = 057F12921E9CED2E0055E4FB /* AbstractScheduleItem.swift */; };
		057F12951E9CED7F0055E4FB /* AbstractScheduleCity.swift in Sources */ = {isa = PBXBuildFile; fileRef = 057F12941E9CED7F0055E4FB /* AbstractScheduleCity.swift */; };
		057F12981E9D0A520055E4FB /* Main_ipad.storyboard in Resources */ = {isa = PBXBuildFile; fileRef = 057F12961E9D0A520055E4FB /* Main_ipad.storyboard */; };
		058B43FA1E9D77FA0067AD16 /* AbstractDbManager.swift in Sources */ = {isa = PBXBuildFile; fileRef = 058B43F71E9D77FA0067AD16 /* AbstractDbManager.swift */; };
		058B43FB1E9D77FA0067AD16 /* CoreDataDbManager.swift in Sources */ = {isa = PBXBuildFile; fileRef = 058B43F81E9D77FA0067AD16 /* CoreDataDbManager.swift */; };
		058B43FC1E9D77FA0067AD16 /* RealmDbManager.swift in Sources */ = {isa = PBXBuildFile; fileRef = 058B43F91E9D77FA0067AD16 /* RealmDbManager.swift */; };
		058B43FF1E9D78500067AD16 /* ApiListener.swift in Sources */ = {isa = PBXBuildFile; fileRef = 058B43FD1E9D78500067AD16 /* ApiListener.swift */; };
		058B44001E9D78500067AD16 /* ApiManager.swift in Sources */ = {isa = PBXBuildFile; fileRef = 058B43FE1E9D78500067AD16 /* ApiManager.swift */; };
		058B44031E9D78CE0067AD16 /* DateConverter.swift in Sources */ = {isa = PBXBuildFile; fileRef = 058B44021E9D78CE0067AD16 /* DateConverter.swift */; };
		059FCFB31E9BB62D00494966 /* ScheduleCityRealm.swift in Sources */ = {isa = PBXBuildFile; fileRef = 059FCFB11E9BB62D00494966 /* ScheduleCityRealm.swift */; };
		059FCFB41E9BB62D00494966 /* ScheduleItemRealm.swift in Sources */ = {isa = PBXBuildFile; fileRef = 059FCFB21E9BB62D00494966 /* ScheduleItemRealm.swift */; };
		059FCFF11E9BD3A800494966 /* ScheduleItem+CoreDataClass.swift in Sources */ = {isa = PBXBuildFile; fileRef = 059FCFED1E9BD3A800494966 /* ScheduleItem+CoreDataClass.swift */; };
		059FCFF21E9BD3A800494966 /* ScheduleItem+CoreDataProperties.swift in Sources */ = {isa = PBXBuildFile; fileRef = 059FCFEE1E9BD3A800494966 /* ScheduleItem+CoreDataProperties.swift */; };
		059FCFF31E9BD3A800494966 /* City+CoreDataClass.swift in Sources */ = {isa = PBXBuildFile; fileRef = 059FCFEF1E9BD3A800494966 /* City+CoreDataClass.swift */; };
		059FCFF41E9BD3A800494966 /* City+CoreDataProperties.swift in Sources */ = {isa = PBXBuildFile; fileRef = 059FCFF01E9BD3A800494966 /* City+CoreDataProperties.swift */; };
		05AE8A271E9E4A8500DD902B /* Localizable.strings in Resources */ = {isa = PBXBuildFile; fileRef = 05AE8A291E9E4A8500DD902B /* Localizable.strings */; };
		05B3384F1EBA317E00C4C7B9 /* GoogleService-Info.plist in Resources */ = {isa = PBXBuildFile; fileRef = 05B3384E1EBA317E00C4C7B9 /* GoogleService-Info.plist */; };
		840FA6331E8942F200B8A80E /* ScheduleCell.swift in Sources */ = {isa = PBXBuildFile; fileRef = 840FA6321E8942F200B8A80E /* ScheduleCell.swift */; };
		841EB8F61E841EEE007AE710 /* AppDelegate.swift in Sources */ = {isa = PBXBuildFile; fileRef = 841EB8F51E841EEE007AE710 /* AppDelegate.swift */; };
		841EB8FB1E841EEF007AE710 /* Main.storyboard in Resources */ = {isa = PBXBuildFile; fileRef = 841EB8F91E841EEF007AE710 /* Main.storyboard */; };
		841EB8FE1E841EEF007AE710 /* bus_schedule.xcdatamodeld in Sources */ = {isa = PBXBuildFile; fileRef = 841EB8FC1E841EEF007AE710 /* bus_schedule.xcdatamodeld */; };
		841EB9001E841EEF007AE710 /* Assets.xcassets in Resources */ = {isa = PBXBuildFile; fileRef = 841EB8FF1E841EEF007AE710 /* Assets.xcassets */; };
		841EB9031E841EEF007AE710 /* LaunchScreen.storyboard in Resources */ = {isa = PBXBuildFile; fileRef = 841EB9011E841EEF007AE710 /* LaunchScreen.storyboard */; };
		84F95CC01E8D59BA00658A7F /* DetailedViewController.swift in Sources */ = {isa = PBXBuildFile; fileRef = 84F95CBD1E8D59BA00658A7F /* DetailedViewController.swift */; };
		84F95CC11E8D59BA00658A7F /* SetDateViewController.swift in Sources */ = {isa = PBXBuildFile; fileRef = 84F95CBE1E8D59BA00658A7F /* SetDateViewController.swift */; };
		84F95CC21E8D59BA00658A7F /* MainViewController.swift in Sources */ = {isa = PBXBuildFile; fileRef = 84F95CBF1E8D59BA00658A7F /* MainViewController.swift */; };
		BF192925BD406188E5BC7B34 /* Pods_bus_schedule.framework in Frameworks */ = {isa = PBXBuildFile; fileRef = BE91F4A08AD9007A19C7CF27 /* Pods_bus_schedule.framework */; };
/* End PBXBuildFile section */

/* Begin PBXCopyFilesBuildPhase section */
		054D12871E97C57F005D3A06 /* Embed Frameworks */ = {
			isa = PBXCopyFilesBuildPhase;
			buildActionMask = 2147483647;
			dstPath = "";
			dstSubfolderSpec = 10;
			files = (
			);
			name = "Embed Frameworks";
			runOnlyForDeploymentPostprocessing = 0;
		};
/* End PBXCopyFilesBuildPhase section */

/* Begin PBXFileReference section */
		050ECE8D1EA7C271002D9DD7 /* Extensions.swift */ = {isa = PBXFileReference; fileEncoding = 4; lastKnownFileType = sourcecode.swift; name = Extensions.swift; path = "bus schedule/Utils/Extensions.swift"; sourceTree = "<group>"; };
		050ECE8F1EA7C461002D9DD7 /* SetDateDelegate.swift */ = {isa = PBXFileReference; fileEncoding = 4; lastKnownFileType = sourcecode.swift; name = SetDateDelegate.swift; path = Controllers/SetDateDelegate.swift; sourceTree = "<group>"; };
		05773EF51EA6AD4000F2BC4F /* BaseViewController.swift */ = {isa = PBXFileReference; fileEncoding = 4; lastKnownFileType = sourcecode.swift; name = BaseViewController.swift; path = Controllers/BaseViewController.swift; sourceTree = "<group>"; };
		05773EF71EA6ADDD00F2BC4F /* BaseTableViewController.swift */ = {isa = PBXFileReference; fileEncoding = 4; lastKnownFileType = sourcecode.swift; name = BaseTableViewController.swift; path = Controllers/BaseTableViewController.swift; sourceTree = "<group>"; };
		057F12921E9CED2E0055E4FB /* AbstractScheduleItem.swift */ = {isa = PBXFileReference; fileEncoding = 4; lastKnownFileType = sourcecode.swift; name = AbstractScheduleItem.swift; path = "bus schedule/Model/AbstractScheduleItem.swift"; sourceTree = "<group>"; };
		057F12941E9CED7F0055E4FB /* AbstractScheduleCity.swift */ = {isa = PBXFileReference; fileEncoding = 4; lastKnownFileType = sourcecode.swift; name = AbstractScheduleCity.swift; path = "bus schedule/Model/AbstractScheduleCity.swift"; sourceTree = "<group>"; };
		057F12971E9D0A520055E4FB /* Base */ = {isa = PBXFileReference; lastKnownFileType = file.storyboard; name = Base; path = Base.lproj/Main_ipad.storyboard; sourceTree = "<group>"; };
		058B43F71E9D77FA0067AD16 /* AbstractDbManager.swift */ = {isa = PBXFileReference; fileEncoding = 4; lastKnownFileType = sourcecode.swift; name = AbstractDbManager.swift; path = "bus schedule/DataBase/AbstractDbManager.swift"; sourceTree = "<group>"; };
		058B43F81E9D77FA0067AD16 /* CoreDataDbManager.swift */ = {isa = PBXFileReference; fileEncoding = 4; lastKnownFileType = sourcecode.swift; name = CoreDataDbManager.swift; path = "bus schedule/DataBase/CoreDataDbManager.swift"; sourceTree = "<group>"; };
		058B43F91E9D77FA0067AD16 /* RealmDbManager.swift */ = {isa = PBXFileReference; fileEncoding = 4; lastKnownFileType = sourcecode.swift; name = RealmDbManager.swift; path = "bus schedule/DataBase/RealmDbManager.swift"; sourceTree = "<group>"; };
		058B43FD1E9D78500067AD16 /* ApiListener.swift */ = {isa = PBXFileReference; fileEncoding = 4; lastKnownFileType = sourcecode.swift; name = ApiListener.swift; path = "bus schedule/Api/ApiListener.swift"; sourceTree = "<group>"; };
		058B43FE1E9D78500067AD16 /* ApiManager.swift */ = {isa = PBXFileReference; fileEncoding = 4; lastKnownFileType = sourcecode.swift; name = ApiManager.swift; path = "bus schedule/Api/ApiManager.swift"; sourceTree = "<group>"; };
		058B44021E9D78CE0067AD16 /* DateConverter.swift */ = {isa = PBXFileReference; fileEncoding = 4; lastKnownFileType = sourcecode.swift; name = DateConverter.swift; path = "bus schedule/Utils/DateConverter.swift"; sourceTree = "<group>"; };
		059FCFB11E9BB62D00494966 /* ScheduleCityRealm.swift */ = {isa = PBXFileReference; fileEncoding = 4; lastKnownFileType = sourcecode.swift; name = ScheduleCityRealm.swift; path = "bus schedule/Model/ScheduleCityRealm.swift"; sourceTree = "<group>"; };
		059FCFB21E9BB62D00494966 /* ScheduleItemRealm.swift */ = {isa = PBXFileReference; fileEncoding = 4; lastKnownFileType = sourcecode.swift; name = ScheduleItemRealm.swift; path = "bus schedule/Model/ScheduleItemRealm.swift"; sourceTree = "<group>"; };
		059FCFED1E9BD3A800494966 /* ScheduleItem+CoreDataClass.swift */ = {isa = PBXFileReference; fileEncoding = 4; lastKnownFileType = sourcecode.swift; name = "ScheduleItem+CoreDataClass.swift"; path = "bus schedule/Model/ScheduleItem+CoreDataClass.swift"; sourceTree = "<group>"; };
		059FCFEE1E9BD3A800494966 /* ScheduleItem+CoreDataProperties.swift */ = {isa = PBXFileReference; fileEncoding = 4; lastKnownFileType = sourcecode.swift; name = "ScheduleItem+CoreDataProperties.swift"; path = "bus schedule/Model/ScheduleItem+CoreDataProperties.swift"; sourceTree = "<group>"; };
		059FCFEF1E9BD3A800494966 /* City+CoreDataClass.swift */ = {isa = PBXFileReference; fileEncoding = 4; lastKnownFileType = sourcecode.swift; name = "City+CoreDataClass.swift"; path = "bus schedule/Model/City+CoreDataClass.swift"; sourceTree = "<group>"; };
		059FCFF01E9BD3A800494966 /* City+CoreDataProperties.swift */ = {isa = PBXFileReference; fileEncoding = 4; lastKnownFileType = sourcecode.swift; name = "City+CoreDataProperties.swift"; path = "bus schedule/Model/City+CoreDataProperties.swift"; sourceTree = "<group>"; };
		05AE8A201E9E42A200DD902B /* ru */ = {isa = PBXFileReference; lastKnownFileType = text.plist.strings; name = ru; path = ru.lproj/Main.strings; sourceTree = "<group>"; };
		05AE8A211E9E42A200DD902B /* ru */ = {isa = PBXFileReference; lastKnownFileType = text.plist.strings; name = ru; path = ru.lproj/Main_ipad.strings; sourceTree = "<group>"; };
		05AE8A221E9E42A200DD902B /* ru */ = {isa = PBXFileReference; lastKnownFileType = text.plist.strings; name = ru; path = ru.lproj/LaunchScreen.strings; sourceTree = "<group>"; };
		05AE8A281E9E4A8500DD902B /* ru */ = {isa = PBXFileReference; lastKnownFileType = text.plist.strings; name = ru; path = ru.lproj/Localizable.strings; sourceTree = "<group>"; };
		05AE8A2A1E9E4A8A00DD902B /* en */ = {isa = PBXFileReference; lastKnownFileType = text.plist.strings; name = en; path = en.lproj/Localizable.strings; sourceTree = "<group>"; };
		05AE8A2B1E9E4FD400DD902B /* bus_schedule 2.xcdatamodel */ = {isa = PBXFileReference; lastKnownFileType = wrapper.xcdatamodel; path = "bus_schedule 2.xcdatamodel"; sourceTree = "<group>"; };
		05B3384E1EBA317E00C4C7B9 /* GoogleService-Info.plist */ = {isa = PBXFileReference; fileEncoding = 4; lastKnownFileType = text.plist.xml; path = "GoogleService-Info.plist"; sourceTree = "<group>"; };
		30153C863FA09129DCCE900A /* Pods-bus schedule.release.xcconfig */ = {isa = PBXFileReference; includeInIndex = 1; lastKnownFileType = text.xcconfig; name = "Pods-bus schedule.release.xcconfig"; path = "Pods/Target Support Files/Pods-bus schedule/Pods-bus schedule.release.xcconfig"; sourceTree = "<group>"; };
		6AE99E278E630BED643C62B7 /* Pods-bus schedule.debug.xcconfig */ = {isa = PBXFileReference; includeInIndex = 1; lastKnownFileType = text.xcconfig; name = "Pods-bus schedule.debug.xcconfig"; path = "Pods/Target Support Files/Pods-bus schedule/Pods-bus schedule.debug.xcconfig"; sourceTree = "<group>"; };
		840FA6321E8942F200B8A80E /* ScheduleCell.swift */ = {isa = PBXFileReference; fileEncoding = 4; lastKnownFileType = sourcecode.swift; name = ScheduleCell.swift; path = "bus schedule/ScheduleCell.swift"; sourceTree = "<group>"; };
		841EB8F21E841EEE007AE710 /* bus schedule.app */ = {isa = PBXFileReference; explicitFileType = wrapper.application; includeInIndex = 0; path = "bus schedule.app"; sourceTree = BUILT_PRODUCTS_DIR; };
		841EB8F51E841EEE007AE710 /* AppDelegate.swift */ = {isa = PBXFileReference; lastKnownFileType = sourcecode.swift; path = AppDelegate.swift; sourceTree = "<group>"; };
		841EB8FA1E841EEF007AE710 /* Base */ = {isa = PBXFileReference; lastKnownFileType = file.storyboard; name = Base; path = Base.lproj/Main.storyboard; sourceTree = "<group>"; };
		841EB8FD1E841EEF007AE710 /* bus_schedule.xcdatamodel */ = {isa = PBXFileReference; lastKnownFileType = wrapper.xcdatamodel; path = bus_schedule.xcdatamodel; sourceTree = "<group>"; };
		841EB8FF1E841EEF007AE710 /* Assets.xcassets */ = {isa = PBXFileReference; lastKnownFileType = folder.assetcatalog; name = Assets.xcassets; path = "bus schedule/Assets.xcassets"; sourceTree = "<group>"; };
		841EB9021E841EEF007AE710 /* Base */ = {isa = PBXFileReference; lastKnownFileType = file.storyboard; name = Base; path = Base.lproj/LaunchScreen.storyboard; sourceTree = "<group>"; };
		841EB9041E841EEF007AE710 /* Info.plist */ = {isa = PBXFileReference; lastKnownFileType = text.plist.xml; path = Info.plist; sourceTree = "<group>"; };
		84F12BCF1E854F270082FB6C /* BusSchedule-Bridging-Header.h */ = {isa = PBXFileReference; lastKnownFileType = sourcecode.c.h; path = "BusSchedule-Bridging-Header.h"; sourceTree = "<group>"; };
		84F95CBD1E8D59BA00658A7F /* DetailedViewController.swift */ = {isa = PBXFileReference; fileEncoding = 4; lastKnownFileType = sourcecode.swift; name = DetailedViewController.swift; path = Controllers/DetailedViewController.swift; sourceTree = "<group>"; };
		84F95CBE1E8D59BA00658A7F /* SetDateViewController.swift */ = {isa = PBXFileReference; fileEncoding = 4; lastKnownFileType = sourcecode.swift; name = SetDateViewController.swift; path = Controllers/SetDateViewController.swift; sourceTree = "<group>"; };
		84F95CBF1E8D59BA00658A7F /* MainViewController.swift */ = {isa = PBXFileReference; fileEncoding = 4; lastKnownFileType = sourcecode.swift; name = MainViewController.swift; path = Controllers/MainViewController.swift; sourceTree = "<group>"; };
		BE91F4A08AD9007A19C7CF27 /* Pods_bus_schedule.framework */ = {isa = PBXFileReference; explicitFileType = wrapper.framework; includeInIndex = 0; path = Pods_bus_schedule.framework; sourceTree = BUILT_PRODUCTS_DIR; };
/* End PBXFileReference section */

/* Begin PBXFrameworksBuildPhase section */
		841EB8EF1E841EED007AE710 /* Frameworks */ = {
			isa = PBXFrameworksBuildPhase;
			buildActionMask = 2147483647;
			files = (
				BF192925BD406188E5BC7B34 /* Pods_bus_schedule.framework in Frameworks */,
			);
			runOnlyForDeploymentPostprocessing = 0;
		};
/* End PBXFrameworksBuildPhase section */

/* Begin PBXGroup section */
		054D12911E97C5C1005D3A06 /* model */ = {
			isa = PBXGroup;
			children = (
				058B44051E9D7E200067AD16 /* core_data */,
				058B44041E9D7E120067AD16 /* realm */,
				057F12921E9CED2E0055E4FB /* AbstractScheduleItem.swift */,
				057F12941E9CED7F0055E4FB /* AbstractScheduleCity.swift */,
			);
			name = model;
			sourceTree = "<group>";
		};
		05773EF91EA6AE3F00F2BC4F /* base */ = {
			isa = PBXGroup;
			children = (
				05773EF71EA6ADDD00F2BC4F /* BaseTableViewController.swift */,
				05773EF51EA6AD4000F2BC4F /* BaseViewController.swift */,
			);
			name = base;
			sourceTree = "<group>";
		};
		058B43F61E9D76CE0067AD16 /* cells */ = {
			isa = PBXGroup;
			children = (
				840FA6321E8942F200B8A80E /* ScheduleCell.swift */,
			);
			name = cells;
			sourceTree = "<group>";
		};
		058B44011E9D78AF0067AD16 /* utils */ = {
			isa = PBXGroup;
			children = (
				058B44021E9D78CE0067AD16 /* DateConverter.swift */,
				050ECE8D1EA7C271002D9DD7 /* Extensions.swift */,
			);
			name = utils;
			sourceTree = "<group>";
		};
		058B44041E9D7E120067AD16 /* realm */ = {
			isa = PBXGroup;
			children = (
				059FCFB21E9BB62D00494966 /* ScheduleItemRealm.swift */,
				059FCFB11E9BB62D00494966 /* ScheduleCityRealm.swift */,
			);
			name = realm;
			sourceTree = "<group>";
		};
		058B44051E9D7E200067AD16 /* core_data */ = {
			isa = PBXGroup;
			children = (
				059FCFEE1E9BD3A800494966 /* ScheduleItem+CoreDataProperties.swift */,
				059FCFED1E9BD3A800494966 /* ScheduleItem+CoreDataClass.swift */,
				059FCFEF1E9BD3A800494966 /* City+CoreDataClass.swift */,
				059FCFF01E9BD3A800494966 /* City+CoreDataProperties.swift */,
			);
			name = core_data;
			sourceTree = "<group>";
		};
		05A0642C1E928664001F729D /* db */ = {
			isa = PBXGroup;
			children = (
				058B43F71E9D77FA0067AD16 /* AbstractDbManager.swift */,
				058B43F81E9D77FA0067AD16 /* CoreDataDbManager.swift */,
				058B43F91E9D77FA0067AD16 /* RealmDbManager.swift */,
				841EB8FC1E841EEF007AE710 /* bus_schedule.xcdatamodeld */,
			);
			name = db;
			sourceTree = "<group>";
		};
		05A0642D1E928675001F729D /* api */ = {
			isa = PBXGroup;
			children = (
				058B43FD1E9D78500067AD16 /* ApiListener.swift */,
				058B43FE1E9D78500067AD16 /* ApiManager.swift */,
			);
			name = api;
			sourceTree = "<group>";
		};
		05AE8A241E9E485D00DD902B /* res */ = {
			isa = PBXGroup;
			children = (
				841EB8FF1E841EEF007AE710 /* Assets.xcassets */,
				05AE8A291E9E4A8500DD902B /* Localizable.strings */,
			);
			name = res;
			sourceTree = "<group>";
		};
		682FB63587385967A0BB98BC /* Pods */ = {
			isa = PBXGroup;
			children = (
				6AE99E278E630BED643C62B7 /* Pods-bus schedule.debug.xcconfig */,
				30153C863FA09129DCCE900A /* Pods-bus schedule.release.xcconfig */,
			);
			name = Pods;
			sourceTree = "<group>";
		};
		841EB8E91E841EED007AE710 = {
			isa = PBXGroup;
			children = (
				054D12911E97C5C1005D3A06 /* model */,
				05A0642D1E928675001F729D /* api */,
				05A0642C1E928664001F729D /* db */,
				058B43F61E9D76CE0067AD16 /* cells */,
				84F95CB01E8D550D00658A7F /* controllers */,
				058B44011E9D78AF0067AD16 /* utils */,
				841EB8F41E841EEE007AE710 /* bus_schedule */,
				05AE8A241E9E485D00DD902B /* res */,
				841EB8F31E841EEE007AE710 /* Products */,
				682FB63587385967A0BB98BC /* Pods */,
				C5FDE72ABADBE782701D3F21 /* Frameworks */,
			);
			sourceTree = "<group>";
		};
		841EB8F31E841EEE007AE710 /* Products */ = {
			isa = PBXGroup;
			children = (
				841EB8F21E841EEE007AE710 /* bus schedule.app */,
			);
			name = Products;
			sourceTree = "<group>";
		};
		841EB8F41E841EEE007AE710 /* bus_schedule */ = {
			isa = PBXGroup;
			children = (
				05B3384E1EBA317E00C4C7B9 /* GoogleService-Info.plist */,
				84F12BCF1E854F270082FB6C /* BusSchedule-Bridging-Header.h */,
				841EB8F51E841EEE007AE710 /* AppDelegate.swift */,
				841EB8F91E841EEF007AE710 /* Main.storyboard */,
				057F12961E9D0A520055E4FB /* Main_ipad.storyboard */,
				841EB9011E841EEF007AE710 /* LaunchScreen.storyboard */,
				841EB9041E841EEF007AE710 /* Info.plist */,
			);
			name = bus_schedule;
			path = "bus schedule";
			sourceTree = "<group>";
		};
		84F95CB01E8D550D00658A7F /* controllers */ = {
			isa = PBXGroup;
			children = (
				050ECE8F1EA7C461002D9DD7 /* SetDateDelegate.swift */,
				05773EF91EA6AE3F00F2BC4F /* base */,
				84F95CBD1E8D59BA00658A7F /* DetailedViewController.swift */,
				84F95CBE1E8D59BA00658A7F /* SetDateViewController.swift */,
				84F95CBF1E8D59BA00658A7F /* MainViewController.swift */,
			);
			name = controllers;
			path = "bus schedule";
			sourceTree = "<group>";
		};
		C5FDE72ABADBE782701D3F21 /* Frameworks */ = {
			isa = PBXGroup;
			children = (
				BE91F4A08AD9007A19C7CF27 /* Pods_bus_schedule.framework */,
			);
			name = Frameworks;
			sourceTree = "<group>";
		};
/* End PBXGroup section */

/* Begin PBXNativeTarget section */
		841EB8F11E841EED007AE710 /* bus schedule */ = {
			isa = PBXNativeTarget;
			buildConfigurationList = 841EB9071E841EEF007AE710 /* Build configuration list for PBXNativeTarget "bus schedule" */;
			buildPhases = (
				9C40552DE1670D57847A4F9D /* [CP] Check Pods Manifest.lock */,
				841EB8EE1E841EED007AE710 /* Sources */,
				841EB8EF1E841EED007AE710 /* Frameworks */,
				841EB8F01E841EED007AE710 /* Resources */,
				BCA0D05A7BBDB8ED53EC1093 /* [CP] Embed Pods Frameworks */,
				A631F9C92C83A55C6AB18FF3 /* [CP] Copy Pods Resources */,
				054D12871E97C57F005D3A06 /* Embed Frameworks */,
			);
			buildRules = (
			);
			dependencies = (
			);
			name = "bus schedule";
			productName = "bus schedule";
			productReference = 841EB8F21E841EEE007AE710 /* bus schedule.app */;
			productType = "com.apple.product-type.application";
		};
/* End PBXNativeTarget section */

/* Begin PBXProject section */
		841EB8EA1E841EED007AE710 /* Project object */ = {
			isa = PBXProject;
			attributes = {
				LastSwiftUpdateCheck = 0820;
				LastUpgradeCheck = 0820;
				ORGANIZATIONNAME = admin;
				TargetAttributes = {
					841EB8F11E841EED007AE710 = {
						CreatedOnToolsVersion = 8.2.1;
						DevelopmentTeam = V62SU3773G;
						ProvisioningStyle = Automatic;
					};
				};
			};
			buildConfigurationList = 841EB8ED1E841EED007AE710 /* Build configuration list for PBXProject "bus schedule" */;
			compatibilityVersion = "Xcode 3.2";
			developmentRegion = English;
			hasScannedForEncodings = 0;
			knownRegions = (
				en,
				Base,
				ru,
			);
			mainGroup = 841EB8E91E841EED007AE710;
			productRefGroup = 841EB8F31E841EEE007AE710 /* Products */;
			projectDirPath = "";
			projectRoot = "";
			targets = (
				841EB8F11E841EED007AE710 /* bus schedule */,
			);
		};
/* End PBXProject section */

/* Begin PBXResourcesBuildPhase section */
		841EB8F01E841EED007AE710 /* Resources */ = {
			isa = PBXResourcesBuildPhase;
			buildActionMask = 2147483647;
			files = (
				05AE8A271E9E4A8500DD902B /* Localizable.strings in Resources */,
				841EB9031E841EEF007AE710 /* LaunchScreen.storyboard in Resources */,
				057F12981E9D0A520055E4FB /* Main_ipad.storyboard in Resources */,
				841EB9001E841EEF007AE710 /* Assets.xcassets in Resources */,
				841EB8FB1E841EEF007AE710 /* Main.storyboard in Resources */,
				05B3384F1EBA317E00C4C7B9 /* GoogleService-Info.plist in Resources */,
			);
			runOnlyForDeploymentPostprocessing = 0;
		};
/* End PBXResourcesBuildPhase section */

/* Begin PBXShellScriptBuildPhase section */
		9C40552DE1670D57847A4F9D /* [CP] Check Pods Manifest.lock */ = {
			isa = PBXShellScriptBuildPhase;
			buildActionMask = 2147483647;
			files = (
			);
			inputPaths = (
			);
			name = "[CP] Check Pods Manifest.lock";
			outputPaths = (
			);
			runOnlyForDeploymentPostprocessing = 0;
			shellPath = /bin/sh;
			shellScript = "diff \"${PODS_ROOT}/../Podfile.lock\" \"${PODS_ROOT}/Manifest.lock\" > /dev/null\nif [ $? != 0 ] ; then\n    # print error to STDERR\n    echo \"error: The sandbox is not in sync with the Podfile.lock. Run 'pod install' or update your CocoaPods installation.\" >&2\n    exit 1\nfi\n";
			showEnvVarsInLog = 0;
		};
		A631F9C92C83A55C6AB18FF3 /* [CP] Copy Pods Resources */ = {
			isa = PBXShellScriptBuildPhase;
			buildActionMask = 2147483647;
			files = (
			);
			inputPaths = (
			);
			name = "[CP] Copy Pods Resources";
			outputPaths = (
			);
			runOnlyForDeploymentPostprocessing = 0;
			shellPath = /bin/sh;
			shellScript = "\"${SRCROOT}/Pods/Target Support Files/Pods-bus schedule/Pods-bus schedule-resources.sh\"\n";
			showEnvVarsInLog = 0;
		};
		BCA0D05A7BBDB8ED53EC1093 /* [CP] Embed Pods Frameworks */ = {
			isa = PBXShellScriptBuildPhase;
			buildActionMask = 2147483647;
			files = (
			);
			inputPaths = (
			);
			name = "[CP] Embed Pods Frameworks";
			outputPaths = (
			);
			runOnlyForDeploymentPostprocessing = 0;
			shellPath = /bin/sh;
			shellScript = "\"${SRCROOT}/Pods/Target Support Files/Pods-bus schedule/Pods-bus schedule-frameworks.sh\"\n";
			showEnvVarsInLog = 0;
		};
/* End PBXShellScriptBuildPhase section */

/* Begin PBXSourcesBuildPhase section */
		841EB8EE1E841EED007AE710 /* Sources */ = {
			isa = PBXSourcesBuildPhase;
			buildActionMask = 2147483647;
			files = (
				050ECE8E1EA7C271002D9DD7 /* Extensions.swift in Sources */,
				058B43FF1E9D78500067AD16 /* ApiListener.swift in Sources */,
				841EB8FE1E841EEF007AE710 /* bus_schedule.xcdatamodeld in Sources */,
				057F12951E9CED7F0055E4FB /* AbstractScheduleCity.swift in Sources */,
				059FCFF31E9BD3A800494966 /* City+CoreDataClass.swift in Sources */,
				059FCFB31E9BB62D00494966 /* ScheduleCityRealm.swift in Sources */,
				05773EF61EA6AD4000F2BC4F /* BaseViewController.swift in Sources */,
				057F12931E9CED2E0055E4FB /* AbstractScheduleItem.swift in Sources */,
				058B43FB1E9D77FA0067AD16 /* CoreDataDbManager.swift in Sources */,
				84F95CC01E8D59BA00658A7F /* DetailedViewController.swift in Sources */,
				058B44001E9D78500067AD16 /* ApiManager.swift in Sources */,
				84F95CC11E8D59BA00658A7F /* SetDateViewController.swift in Sources */,
				84F95CC21E8D59BA00658A7F /* MainViewController.swift in Sources */,
				050ECE901EA7C461002D9DD7 /* SetDateDelegate.swift in Sources */,
				058B43FA1E9D77FA0067AD16 /* AbstractDbManager.swift in Sources */,
				841EB8F61E841EEE007AE710 /* AppDelegate.swift in Sources */,
				058B44031E9D78CE0067AD16 /* DateConverter.swift in Sources */,
				059FCFF21E9BD3A800494966 /* ScheduleItem+CoreDataProperties.swift in Sources */,
				058B43FC1E9D77FA0067AD16 /* RealmDbManager.swift in Sources */,
				059FCFF41E9BD3A800494966 /* City+CoreDataProperties.swift in Sources */,
				059FCFB41E9BB62D00494966 /* ScheduleItemRealm.swift in Sources */,
				059FCFF11E9BD3A800494966 /* ScheduleItem+CoreDataClass.swift in Sources */,
				05773EF81EA6ADDD00F2BC4F /* BaseTableViewController.swift in Sources */,
				840FA6331E8942F200B8A80E /* ScheduleCell.swift in Sources */,
			);
			runOnlyForDeploymentPostprocessing = 0;
		};
/* End PBXSourcesBuildPhase section */

/* Begin PBXVariantGroup section */
		057F12961E9D0A520055E4FB /* Main_ipad.storyboard */ = {
			isa = PBXVariantGroup;
			children = (
				057F12971E9D0A520055E4FB /* Base */,
				05AE8A211E9E42A200DD902B /* ru */,
			);
			name = Main_ipad.storyboard;
			sourceTree = "<group>";
		};
		05AE8A291E9E4A8500DD902B /* Localizable.strings */ = {
			isa = PBXVariantGroup;
			children = (
				05AE8A281E9E4A8500DD902B /* ru */,
				05AE8A2A1E9E4A8A00DD902B /* en */,
			);
			name = Localizable.strings;
			sourceTree = "<group>";
		};
		841EB8F91E841EEF007AE710 /* Main.storyboard */ = {
			isa = PBXVariantGroup;
			children = (
				841EB8FA1E841EEF007AE710 /* Base */,
				05AE8A201E9E42A200DD902B /* ru */,
			);
			name = Main.storyboard;
			sourceTree = "<group>";
		};
		841EB9011E841EEF007AE710 /* LaunchScreen.storyboard */ = {
			isa = PBXVariantGroup;
			children = (
				841EB9021E841EEF007AE710 /* Base */,
				05AE8A221E9E42A200DD902B /* ru */,
			);
			name = LaunchScreen.storyboard;
			sourceTree = "<group>";
		};
/* End PBXVariantGroup section */

/* Begin XCBuildConfiguration section */
		841EB9051E841EEF007AE710 /* Debug */ = {
			isa = XCBuildConfiguration;
			buildSettings = {
				ALWAYS_SEARCH_USER_PATHS = NO;
				CLANG_ANALYZER_LOCALIZABILITY_NONLOCALIZED = YES;
				CLANG_ANALYZER_NONNULL = YES;
				CLANG_CXX_LANGUAGE_STANDARD = "gnu++0x";
				CLANG_CXX_LIBRARY = "libc++";
				CLANG_ENABLE_MODULES = YES;
				CLANG_ENABLE_OBJC_ARC = YES;
				CLANG_WARN_BOOL_CONVERSION = YES;
				CLANG_WARN_CONSTANT_CONVERSION = YES;
				CLANG_WARN_DIRECT_OBJC_ISA_USAGE = YES_ERROR;
				CLANG_WARN_DOCUMENTATION_COMMENTS = YES;
				CLANG_WARN_EMPTY_BODY = YES;
				CLANG_WARN_ENUM_CONVERSION = YES;
				CLANG_WARN_INFINITE_RECURSION = YES;
				CLANG_WARN_INT_CONVERSION = YES;
				CLANG_WARN_OBJC_ROOT_CLASS = YES_ERROR;
				CLANG_WARN_SUSPICIOUS_MOVE = YES;
				CLANG_WARN_UNREACHABLE_CODE = YES;
				CLANG_WARN__DUPLICATE_METHOD_MATCH = YES;
				"CODE_SIGN_IDENTITY[sdk=iphoneos*]" = "iPhone Developer";
				COPY_PHASE_STRIP = NO;
				DEBUG_INFORMATION_FORMAT = dwarf;
				ENABLE_STRICT_OBJC_MSGSEND = YES;
				ENABLE_TESTABILITY = YES;
				GCC_C_LANGUAGE_STANDARD = gnu99;
				GCC_DYNAMIC_NO_PIC = NO;
				GCC_NO_COMMON_BLOCKS = YES;
				GCC_OPTIMIZATION_LEVEL = 0;
				GCC_PREPROCESSOR_DEFINITIONS = (
					"DEBUG=1",
					"$(inherited)",
				);
				GCC_WARN_64_TO_32_BIT_CONVERSION = YES;
				GCC_WARN_ABOUT_RETURN_TYPE = YES_ERROR;
				GCC_WARN_UNDECLARED_SELECTOR = YES;
				GCC_WARN_UNINITIALIZED_AUTOS = YES_AGGRESSIVE;
				GCC_WARN_UNUSED_FUNCTION = YES;
				GCC_WARN_UNUSED_VARIABLE = YES;
				IPHONEOS_DEPLOYMENT_TARGET = 10.2;
				MTL_ENABLE_DEBUG_INFO = YES;
				ONLY_ACTIVE_ARCH = YES;
				SDKROOT = iphoneos;
				SWIFT_ACTIVE_COMPILATION_CONDITIONS = DEBUG;
				SWIFT_OPTIMIZATION_LEVEL = "-Onone";
				TARGETED_DEVICE_FAMILY = "1,2";
			};
			name = Debug;
		};
		841EB9061E841EEF007AE710 /* Release */ = {
			isa = XCBuildConfiguration;
			buildSettings = {
				ALWAYS_SEARCH_USER_PATHS = NO;
				CLANG_ANALYZER_LOCALIZABILITY_NONLOCALIZED = YES;
				CLANG_ANALYZER_NONNULL = YES;
				CLANG_CXX_LANGUAGE_STANDARD = "gnu++0x";
				CLANG_CXX_LIBRARY = "libc++";
				CLANG_ENABLE_MODULES = YES;
				CLANG_ENABLE_OBJC_ARC = YES;
				CLANG_WARN_BOOL_CONVERSION = YES;
				CLANG_WARN_CONSTANT_CONVERSION = YES;
				CLANG_WARN_DIRECT_OBJC_ISA_USAGE = YES_ERROR;
				CLANG_WARN_DOCUMENTATION_COMMENTS = YES;
				CLANG_WARN_EMPTY_BODY = YES;
				CLANG_WARN_ENUM_CONVERSION = YES;
				CLANG_WARN_INFINITE_RECURSION = YES;
				CLANG_WARN_INT_CONVERSION = YES;
				CLANG_WARN_OBJC_ROOT_CLASS = YES_ERROR;
				CLANG_WARN_SUSPICIOUS_MOVE = YES;
				CLANG_WARN_UNREACHABLE_CODE = YES;
				CLANG_WARN__DUPLICATE_METHOD_MATCH = YES;
				"CODE_SIGN_IDENTITY[sdk=iphoneos*]" = "iPhone Developer";
				COPY_PHASE_STRIP = NO;
				DEBUG_INFORMATION_FORMAT = "dwarf-with-dsym";
				ENABLE_NS_ASSERTIONS = NO;
				ENABLE_STRICT_OBJC_MSGSEND = YES;
				GCC_C_LANGUAGE_STANDARD = gnu99;
				GCC_NO_COMMON_BLOCKS = YES;
				GCC_WARN_64_TO_32_BIT_CONVERSION = YES;
				GCC_WARN_ABOUT_RETURN_TYPE = YES_ERROR;
				GCC_WARN_UNDECLARED_SELECTOR = YES;
				GCC_WARN_UNINITIALIZED_AUTOS = YES_AGGRESSIVE;
				GCC_WARN_UNUSED_FUNCTION = YES;
				GCC_WARN_UNUSED_VARIABLE = YES;
				IPHONEOS_DEPLOYMENT_TARGET = 10.2;
				MTL_ENABLE_DEBUG_INFO = NO;
				SDKROOT = iphoneos;
				SWIFT_OPTIMIZATION_LEVEL = "-Owholemodule";
				TARGETED_DEVICE_FAMILY = "1,2";
				VALIDATE_PRODUCT = YES;
			};
			name = Release;
		};
		841EB9081E841EEF007AE710 /* Debug */ = {
			isa = XCBuildConfiguration;
			baseConfigurationReference = 6AE99E278E630BED643C62B7 /* Pods-bus schedule.debug.xcconfig */;
			buildSettings = {
				ASSETCATALOG_COMPILER_APPICON_NAME = AppIcon;
				DEFINES_MODULE = YES;
				DEVELOPMENT_TEAM = V62SU3773G;
				FRAMEWORK_SEARCH_PATHS = (
					"$(inherited)",
					"$(PROJECT_DIR)",
				);
				INFOPLIST_FILE = "bus schedule/Info.plist";
				IPHONEOS_DEPLOYMENT_TARGET = 10.0;
				LD_RUNPATH_SEARCH_PATHS = "$(inherited) @executable_path/Frameworks";
				PRODUCT_BUNDLE_IDENTIFIER = "id.bus-schedule";
				PRODUCT_NAME = "$(TARGET_NAME)";
				SWIFT_OBJC_BRIDGING_HEADER = "bus schedule/BusSchedule-Bridging-Header.h";
				SWIFT_VERSION = 3.0;
			};
			name = Debug;
		};
		841EB9091E841EEF007AE710 /* Release */ = {
			isa = XCBuildConfiguration;
			baseConfigurationReference = 30153C863FA09129DCCE900A /* Pods-bus schedule.release.xcconfig */;
			buildSettings = {
				ASSETCATALOG_COMPILER_APPICON_NAME = AppIcon;
				DEFINES_MODULE = YES;
				DEVELOPMENT_TEAM = V62SU3773G;
				FRAMEWORK_SEARCH_PATHS = (
					"$(inherited)",
					"$(PROJECT_DIR)",
				);
				INFOPLIST_FILE = "bus schedule/Info.plist";
				IPHONEOS_DEPLOYMENT_TARGET = 10.0;
				LD_RUNPATH_SEARCH_PATHS = "$(inherited) @executable_path/Frameworks";
				PRODUCT_BUNDLE_IDENTIFIER = "id.bus-schedule";
				PRODUCT_NAME = "$(TARGET_NAME)";
				SWIFT_OBJC_BRIDGING_HEADER = "bus schedule/BusSchedule-Bridging-Header.h";
				SWIFT_OPTIMIZATION_LEVEL = "-Owholemodule";
				SWIFT_VERSION = 3.0;
			};
			name = Release;
		};
/* End XCBuildConfiguration section */

/* Begin XCConfigurationList section */
		841EB8ED1E841EED007AE710 /* Build configuration list for PBXProject "bus schedule" */ = {
			isa = XCConfigurationList;
			buildConfigurations = (
				841EB9051E841EEF007AE710 /* Debug */,
				841EB9061E841EEF007AE710 /* Release */,
			);
			defaultConfigurationIsVisible = 0;
			defaultConfigurationName = Release;
		};
		841EB9071E841EEF007AE710 /* Build configuration list for PBXNativeTarget "bus schedule" */ = {
			isa = XCConfigurationList;
			buildConfigurations = (
				841EB9081E841EEF007AE710 /* Debug */,
				841EB9091E841EEF007AE710 /* Release */,
			);
			defaultConfigurationIsVisible = 0;
			defaultConfigurationName = Release;
		};
/* End XCConfigurationList section */

/* Begin XCVersionGroup section */
		841EB8FC1E841EEF007AE710 /* bus_schedule.xcdatamodeld */ = {
			isa = XCVersionGroup;
			children = (
				05AE8A2B1E9E4FD400DD902B /* bus_schedule 2.xcdatamodel */,
				841EB8FD1E841EEF007AE710 /* bus_schedule.xcdatamodel */,
			);
			currentVersion = 05AE8A2B1E9E4FD400DD902B /* bus_schedule 2.xcdatamodel */;
			name = bus_schedule.xcdatamodeld;
			path = "bus schedule/bus_schedule.xcdatamodeld";
			sourceTree = "<group>";
			versionGroupType = wrapper.xcdatamodel;
		};
/* End XCVersionGroup section */
	};
	rootObject = 841EB8EA1E841EED007AE710 /* Project object */;
}
